
Microsoft Visual Studio Solution File, Format Version 12.00
# Visual Studio Version 16
VisualStudioVersion = 16.0.30204.135
MinimumVisualStudioVersion = 10.0.40219.1
Project("{8BC9CEB8-8B4A-11D0-8D11-00A0C91BC942}") = "RePagMem", "RePagMem.vcxproj", "{51BB56F8-1C90-4047-BEE7-A80C5F435949}"
EndProject
Global
	GlobalSection(SolutionConfigurationPlatforms) = preSolution
		Debug|x64 = Debug|x64
		Debug|x86 = Debug|x86
		Preview|x64 = Preview|x64
		Preview|x86 = Preview|x86
		Release|x64 = Release|x64
		Release|x86 = Release|x86
	EndGlobalSection
	GlobalSection(ProjectConfigurationPlatforms) = postSolution
		{51BB56F8-1C90-4047-BEE7-A80C5F435949}.Debug|x64.ActiveCfg = Debug|x64
		{51BB56F8-1C90-4047-BEE7-A80C5F435949}.Debug|x64.Build.0 = Debug|x64
		{51BB56F8-1C90-4047-BEE7-A80C5F435949}.Debug|x86.ActiveCfg = Debug|Win32
		{51BB56F8-1C90-4047-BEE7-A80C5F435949}.Debug|x86.Build.0 = Debug|Win32
		{51BB56F8-1C90-4047-BEE7-A80C5F435949}.Preview|x64.ActiveCfg = Release|x64
		{51BB56F8-1C90-4047-BEE7-A80C5F435949}.Preview|x64.Build.0 = Release|x64
		{51BB56F8-1C90-4047-BEE7-A80C5F435949}.Preview|x86.ActiveCfg = Release|Win32
		{51BB56F8-1C90-4047-BEE7-A80C5F435949}.Preview|x86.Build.0 = Release|Win32
		{51BB56F8-1C90-4047-BEE7-A80C5F435949}.Release|x64.ActiveCfg = Release|x64
		{51BB56F8-1C90-4047-BEE7-A80C5F435949}.Release|x64.Build.0 = Release|x64
		{51BB56F8-1C90-4047-BEE7-A80C5F435949}.Release|x86.ActiveCfg = Release|Win32
		{51BB56F8-1C90-4047-BEE7-A80C5F435949}.Release|x86.Build.0 = Release|Win32
	EndGlobalSection
	GlobalSection(SolutionProperties) = preSolution
		HideSolutionNode = FALSE
	EndGlobalSection
	GlobalSection(ExtensibilityGlobals) = postSolution
		SolutionGuid = {B569DFD8-5AB1-461D-A96D-58117BFF913D}
	EndGlobalSection
EndGlobal
